
Microsoft Visual Studio Solution File, Format Version 12.00
# Visual Studio 15
VisualStudioVersion = 15.0.27428.2043
MinimumVisualStudioVersion = 10.0.40219.1
Project("{FAE04EC0-301F-11D3-BF4B-00C04F79EFBC}") = "App4", "App4\App4.csproj", "{4423102E-CF76-4726-B927-8294269D8AD5}"
EndProject
Global
	GlobalSection(SolutionConfigurationPlatforms) = preSolution
		Debug|Any CPU = Debug|Any CPU
		Release|Any CPU = Release|Any CPU
	EndGlobalSection
	GlobalSection(ProjectConfigurationPlatforms) = postSolution
		{4423102E-CF76-4726-B927-8294269D8AD5}.Debug|Any CPU.ActiveCfg = Debug|Any CPU
		{4423102E-CF76-4726-B927-8294269D8AD5}.Debug|Any CPU.Build.0 = Debug|Any CPU
		{4423102E-CF76-4726-B927-8294269D8AD5}.Debug|Any CPU.Deploy.0 = Debug|Any CPU
		{4423102E-CF76-4726-B927-8294269D8AD5}.Release|Any CPU.ActiveCfg = Debug|Any CPU
		{4423102E-CF76-4726-B927-8294269D8AD5}.Release|Any CPU.Build.0 = Debug|Any CPU
		{4423102E-CF76-4726-B927-8294269D8AD5}.Release|Any CPU.Deploy.0 = Debug|Any CPU
	EndGlobalSection
	GlobalSection(SolutionProperties) = preSolution
		HideSolutionNode = FALSE
	EndGlobalSection
	GlobalSection(ExtensibilityGlobals) = postSolution
		SolutionGuid = {9BB8A4E6-95EF-4331-B76C-D451933F3B8E}
	EndGlobalSection
EndGlobal
